
Microsoft Visual Studio Solution File, Format Version 12.00
# Visual Studio 2012
Project("{FAE04EC0-301F-11D3-BF4B-00C04F79EFBC}") = "Trello", "Trello\Trello.csproj", "{3294328D-28E0-406E-8F2C-EC8F184A0387}"
EndProject
Project("{FAE04EC0-301F-11D3-BF4B-00C04F79EFBC}") = "Trello.Tests", "Trello.Tests\Trello.Tests.csproj", "{A0E0E9F0-BE68-4674-AEFA-410ACC837194}"
EndProject
Project("{FAE04EC0-301F-11D3-BF4B-00C04F79EFBC}") = "Trello.DAL", "Trello.DAL\Trello.DAL.csproj", "{886015B6-B4EB-4E14-9341-BDDA64B57355}"
EndProject
Project("{FAE04EC0-301F-11D3-BF4B-00C04F79EFBC}") = "Trello.BLL", "Trello.BLL\Trello.BLL.csproj", "{3BFF2E87-F8AA-47BA-A84F-32414E41F38E}"
EndProject
Global
	GlobalSection(SolutionConfigurationPlatforms) = preSolution
		Debug|Any CPU = Debug|Any CPU
		Release|Any CPU = Release|Any CPU
	EndGlobalSection
	GlobalSection(ProjectConfigurationPlatforms) = postSolution
		{3294328D-28E0-406E-8F2C-EC8F184A0387}.Debug|Any CPU.ActiveCfg = Debug|Any CPU
		{3294328D-28E0-406E-8F2C-EC8F184A0387}.Debug|Any CPU.Build.0 = Debug|Any CPU
		{3294328D-28E0-406E-8F2C-EC8F184A0387}.Release|Any CPU.ActiveCfg = Release|Any CPU
		{3294328D-28E0-406E-8F2C-EC8F184A0387}.Release|Any CPU.Build.0 = Release|Any CPU
		{A0E0E9F0-BE68-4674-AEFA-410ACC837194}.Debug|Any CPU.ActiveCfg = Debug|Any CPU
		{A0E0E9F0-BE68-4674-AEFA-410ACC837194}.Debug|Any CPU.Build.0 = Debug|Any CPU
		{A0E0E9F0-BE68-4674-AEFA-410ACC837194}.Release|Any CPU.ActiveCfg = Release|Any CPU
		{A0E0E9F0-BE68-4674-AEFA-410ACC837194}.Release|Any CPU.Build.0 = Release|Any CPU
		{886015B6-B4EB-4E14-9341-BDDA64B57355}.Debug|Any CPU.ActiveCfg = Debug|Any CPU
		{886015B6-B4EB-4E14-9341-BDDA64B57355}.Debug|Any CPU.Build.0 = Debug|Any CPU
		{886015B6-B4EB-4E14-9341-BDDA64B57355}.Release|Any CPU.ActiveCfg = Release|Any CPU
		{886015B6-B4EB-4E14-9341-BDDA64B57355}.Release|Any CPU.Build.0 = Release|Any CPU
		{3BFF2E87-F8AA-47BA-A84F-32414E41F38E}.Debug|Any CPU.ActiveCfg = Debug|Any CPU
		{3BFF2E87-F8AA-47BA-A84F-32414E41F38E}.Debug|Any CPU.Build.0 = Debug|Any CPU
		{3BFF2E87-F8AA-47BA-A84F-32414E41F38E}.Release|Any CPU.ActiveCfg = Release|Any CPU
		{3BFF2E87-F8AA-47BA-A84F-32414E41F38E}.Release|Any CPU.Build.0 = Release|Any CPU
	EndGlobalSection
	GlobalSection(SolutionProperties) = preSolution
		HideSolutionNode = FALSE
	EndGlobalSection
	GlobalSection(ExtensibilityGlobals) = postSolution
		SolutionGuid = {226DA7EC-FA80-4B25-83AE-D64CC38E2D5A}
	EndGlobalSection
EndGlobal
